# This file is automatically @generated by Cargo.
# It is not intended for manual editing.
version = 4

[[package]]
name = "tiler-artifact"
version = "0.0.0"
dependencies = [
 "tiler-ir",
]

[[package]]
name = "tiler-compiler"
version = "0.0.0"
dependencies = [
 "tiler-artifact",
 "tiler-ir",
]

[[package]]
name = "tiler-ir"
version = "0.0.0"

[[package]]
name = "tiler-metal"
version = "0.0.0"
dependencies = [
 "tiler-artifact",
 "tiler-ir",
]

[[package]]
name = "tiler-prototype-compile"
version = "0.0.0"
dependencies = [
 "tiler-artifact",
 "tiler-compiler",
 "tiler-ir",
 "tiler-metal",
]

[[package]]
name = "tiler-prototype-run"
version = "0.0.0"
dependencies = [
 "tiler-artifact",
]
