# This file is automatically @generated by Cargo.
# It is not intended for manual editing.
version = 4

[[package]]
name = "visibility-api"
version = "0.0.0"

[[package]]
name = "visibility-builtin-provider"
version = "0.0.0"
dependencies = [
 "visibility-api",
]

[[package]]
name = "visibility-consumer"
version = "0.0.0"
dependencies = [
 "visibility-api",
 "visibility-macro",
]

[[package]]
name = "visibility-external-provider"
version = "0.0.0"
dependencies = [
 "visibility-api",
]

[[package]]
name = "visibility-macro"
version = "0.0.0"
dependencies = [
 "visibility-api",
 "visibility-builtin-provider",
 "visibility-external-provider",
]
