# This file is automatically @generated by Cargo.
# It is not intended for manual editing.
version = 4

[[package]]
name = "semantic-api-consumer"
version = "0.0.0"
dependencies = [
 "semantic-api-external",
 "semantic-api-ir",
 "semantic-api-reference",
]

[[package]]
name = "semantic-api-external"
version = "0.0.0"
dependencies = [
 "semantic-api-ir",
 "semantic-api-reference",
]

[[package]]
name = "semantic-api-ir"
version = "0.0.0"

[[package]]
name = "semantic-api-reference"
version = "0.0.0"
dependencies = [
 "semantic-api-ir",
]
